PODS:
  - Alamofire (5.10.2)
  - AppAuth (2.0.0):
    - AppAuth/Core (= 2.0.0)
    - AppAuth/ExternalUserAgent (= 2.0.0)
  - AppAuth/Core (2.0.0)
  - AppAuth/ExternalUserAgent (2.0.0):
    - AppAuth/Core
  - AppCheckCore (11.2.0):
    - GoogleUtilities/Environment (~> 8.0)
    - GoogleUtilities/UserDefaults (~> 8.0)
    - PromisesObjC (~> 2.4)
  - Capacitor (7.4.3):
    - CapacitorCordova
  - CapacitorApp (7.1.0):
    - Capacitor
  - CapacitorBrowser (7.0.2):
    - Capacitor
  - CapacitorCamera (7.0.2):
    - Capacitor
  - CapacitorCordova (7.4.3)
  - CapacitorFilesystem (7.1.4):
    - Capacitor
    - IONFilesystemLib (~> 1.0.1)
  - CapacitorHaptics (7.0.2):
    - Capacitor
  - CapacitorLocalNotifications (7.0.3):
    - Capacitor
  - CapacitorPreferences (7.0.2):
    - Capacitor
  - CapacitorPushNotifications (7.0.3):
    - Capacitor
  - CapacitorShare (7.0.2):
    - Capacitor
  - CapacitorSplashScreen (7.0.3):
    - Capacitor
  - CapgoCapacitorSocialLogin (7.18.2):
    - Alamofire (~> 5.10.2)
    - Capacitor
    - FBSDKCoreKit (= 18.0.0)
    - FBSDKLoginKit (= 18.0.0)
    - GoogleSignIn (~> 9.0.0)
  - FBAEMKit (18.0.0):
    - FBSDKCoreKit_Basics (= 18.0.0)
  - FBSDKCoreKit (18.0.0):
    - FBAEMKit (= 18.0.0)
    - FBSDKCoreKit_Basics (= 18.0.0)
  - FBSDKCoreKit_Basics (18.0.0)
  - FBSDKLoginKit (18.0.0):
    - FBSDKCoreKit (= 18.0.0)
  - GoogleSignIn (9.0.0):
    - AppAuth (~> 2.0)
    - AppCheckCore (~> 11.0)
    - GTMAppAuth (~> 5.0)
    - GTMSessionFetcher/Core (~> 3.3)
  - GoogleUtilities/Environment (8.1.0):
    - GoogleUtilities/Privacy
  - GoogleUtilities/Logger (8.1.0):
    - GoogleUtilities/Environment
    - GoogleUtilities/Privacy
  - GoogleUtilities/Privacy (8.1.0)
  - GoogleUtilities/UserDefaults (8.1.0):
    - GoogleUtilities/Logger
    - GoogleUtilities/Privacy
  - GTMAppAuth (5.0.0):
    - AppAuth/Core (~> 2.0)
    - GTMSessionFetcher/Core (< 4.0, >= 3.3)
  - GTMSessionFetcher/Core (3.5.0)
  - IONFilesystemLib (1.0.1)
  - PromisesObjC (2.4.0)
  - PurchasesHybridCommon (17.25.0):
    - RevenueCat (= 5.51.1)
  - RevenueCat (5.51.1)
  - RevenuecatPurchasesCapacitor (11.3.2):
    - Capacitor
    - PurchasesHybridCommon (= 17.25.0)

DEPENDENCIES:
  - "Capacitor (from `../../node_modules/@capacitor/ios`)"
  - "CapacitorApp (from `../../node_modules/@capacitor/app`)"
  - "CapacitorBrowser (from `../../node_modules/@capacitor/browser`)"
  - "CapacitorCamera (from `../../node_modules/@capacitor/camera`)"
  - "CapacitorCordova (from `../../node_modules/@capacitor/ios`)"
  - "CapacitorFilesystem (from `../../node_modules/@capacitor/filesystem`)"
  - "CapacitorHaptics (from `../../node_modules/@capacitor/haptics`)"
  - "CapacitorLocalNotifications (from `../../node_modules/@capacitor/local-notifications`)"
  - "CapacitorPreferences (from `../../node_modules/@capacitor/preferences`)"
  - "CapacitorPushNotifications (from `../../node_modules/@capacitor/push-notifications`)"
  - "CapacitorShare (from `../../node_modules/@capacitor/share`)"
  - "CapacitorSplashScreen (from `../../node_modules/@capacitor/splash-screen`)"
  - "CapgoCapacitorSocialLogin (from `../../node_modules/@capgo/capacitor-social-login`)"
  - "RevenuecatPurchasesCapacitor (from `../../node_modules/@revenuecat/purchases-capacitor`)"

SPEC REPOS:
  trunk:
    - Alamofire
    - AppAuth
    - AppCheckCore
    - FBAEMKit
    - FBSDKCoreKit
    - FBSDKCoreKit_Basics
    - FBSDKLoginKit
    - GoogleSignIn
    - GoogleUtilities
    - GTMAppAuth
    - GTMSessionFetcher
    - IONFilesystemLib
    - PromisesObjC
    - PurchasesHybridCommon
    - RevenueCat

EXTERNAL SOURCES:
  Capacitor:
    :path: "../../node_modules/@capacitor/ios"
  CapacitorApp:
    :path: "../../node_modules/@capacitor/app"
  CapacitorBrowser:
    :path: "../../node_modules/@capacitor/browser"
  CapacitorCamera:
    :path: "../../node_modules/@capacitor/camera"
  CapacitorCordova:
    :path: "../../node_modules/@capacitor/ios"
  CapacitorFilesystem:
    :path: "../../node_modules/@capacitor/filesystem"
  CapacitorHaptics:
    :path: "../../node_modules/@capacitor/haptics"
  CapacitorLocalNotifications:
    :path: "../../node_modules/@capacitor/local-notifications"
  CapacitorPreferences:
    :path: "../../node_modules/@capacitor/preferences"
  CapacitorPushNotifications:
    :path: "../../node_modules/@capacitor/push-notifications"
  CapacitorShare:
    :path: "../../node_modules/@capacitor/share"
  CapacitorSplashScreen:
    :path: "../../node_modules/@capacitor/splash-screen"
  CapgoCapacitorSocialLogin:
    :path: "../../node_modules/@capgo/capacitor-social-login"
  RevenuecatPurchasesCapacitor:
    :path: "../../node_modules/@revenuecat/purchases-capacitor"

SPEC CHECKSUMS:
  Alamofire: 7193b3b92c74a07f85569e1a6c4f4237291e7496
  AppAuth: 1c1a8afa7e12f2ec3a294d9882dfa5ab7d3cb063
  AppCheckCore: cc8fd0a3a230ddd401f326489c99990b013f0c4f
  Capacitor: 28d6c01026a9a3f7156529498ec1f389a2a28dbc
  CapacitorApp: 26587c2ce485d88ddb39adb21cac64f8e481afe3
  CapacitorBrowser: 22541e48442de44dc629c214388290d6eecc6ae9
  CapacitorCamera: f9e54db0a18bb218a8dc360907d63aaefe9209ff
  CapacitorCordova: 435121e81a2df4d0034f0fb11fcefab5104cfdb5
  CapacitorFilesystem: f9bd850c41e048180e5dc0cbb90f2033ede9d2cc
  CapacitorHaptics: b3fb2869e72c4466e18ce9ccbeb60a3d8723b3d4
  CapacitorLocalNotifications: 0811aef56ab2e5f7f9ae72f47d3473ab50c29038
  CapacitorPreferences: 65107ed7437d96ee72583df5763985e3c0ff2bc2
  CapacitorPushNotifications: bdd621fbd562be34a41f4a7b1750efa000447d5a
  CapacitorShare: be166411fa995ead2d39b104aa0aae56d8615c66
  CapacitorSplashScreen: e388b8e0ed0e982a9d3a40417f478e7a018a8763
  CapgoCapacitorSocialLogin: 2c8e0364f6c72ee48d78898f86a55e932fdbe9a3
  FBAEMKit: e34530df538b8eb8aeb53c35867715ba6c63ef0c
  FBSDKCoreKit: d3f479a69127acebb1c6aad91c1a33907bcf6c2f
  FBSDKCoreKit_Basics: 017b6dc2a1862024815a8229e75661e627ac1e29
  FBSDKLoginKit: 5875762d1fe09ddcb05d03365d4f5dc34413843d
  GoogleSignIn: c7f09cfbc85a1abf69187be091997c317cc33b77
  GoogleUtilities: 00c88b9a86066ef77f0da2fab05f65d7768ed8e1
  GTMAppAuth: 217a876b249c3c585a54fd6f73e6b58c4f5c4238
  GTMSessionFetcher: 5aea5ba6bd522a239e236100971f10cb71b96ab6
  IONFilesystemLib: 89258b8e3e85465da93127d25d7ce37f977e8a6f
  PromisesObjC: f5707f49cb48b9636751c5b2e7d227e43fba9f47
  PurchasesHybridCommon: 6a79a873ab52f777bfa36e9516f3fcd84d3b3428
  RevenueCat: eab035bbab271faccfef5c36eaff2a1ffef14dc0
  RevenuecatPurchasesCapacitor: fa376932f9967c7ab4b5eac477e824d90393b91a

PODFILE CHECKSUM: 61e18a1b4a4b4343d5ab5e405148aaaeca0dbaad

COCOAPODS: 1.16.2
